
Microsoft Visual Studio Solution File, Format Version 12.00
# Visual Studio 2012
Project("{FAE04EC0-301F-11D3-BF4B-00C04F79EFBC}") = "SimpleMembershipTest", "SimpleMembershipTest\SimpleMembershipTest.csproj", "{FEDDEBE9-7978-4B6B-9945-2BCE0695277C}"
EndProject
Project("{FAE04EC0-301F-11D3-BF4B-00C04F79EFBC}") = "SimpleMembershipTest.Dac", "SimpleMembershipTest.Dac\SimpleMembershipTest.Dac.csproj", "{B5C5F5DC-37EC-4C34-B4EB-ED84D7EDD683}"
EndProject
Project("{2150E333-8FDC-42A3-9474-1A3956D46DE8}") = "InitializeTask", "InitializeTask", "{A25BB9EB-EE55-4190-B022-2ED6D62F6AEA}"
	ProjectSection(SolutionItems) = preProject
		CreateUserAndDatabase.sql = CreateUserAndDatabase.sql
	EndProjectSection
EndProject
Project("{FAE04EC0-301F-11D3-BF4B-00C04F79EFBC}") = "MySql.Web.Extension", "MySql.Web.Extension\MySql.Web.Extension.csproj", "{E3E3B30A-0DBD-462B-8CA0-9377AFA84381}"
EndProject
Project("{FAE04EC0-301F-11D3-BF4B-00C04F79EFBC}") = "MySql.Data.Extension", "MySql.Data.Extension\MySql.Data.Extension.csproj", "{4E2A1497-BD2C-46E1-80B7-82E2B4ECA21B}"
EndProject
Global
	GlobalSection(SolutionConfigurationPlatforms) = preSolution
		Debug|Any CPU = Debug|Any CPU
		Debug|Mixed Platforms = Debug|Mixed Platforms
		Debug|x64 = Debug|x64
		Debug|x86 = Debug|x86
		Release|Any CPU = Release|Any CPU
		Release|Mixed Platforms = Release|Mixed Platforms
		Release|x64 = Release|x64
		Release|x86 = Release|x86
	EndGlobalSection
	GlobalSection(ProjectConfigurationPlatforms) = postSolution
		{FEDDEBE9-7978-4B6B-9945-2BCE0695277C}.Debug|Any CPU.ActiveCfg = Debug|Any CPU
		{FEDDEBE9-7978-4B6B-9945-2BCE0695277C}.Debug|Any CPU.Build.0 = Debug|Any CPU
		{FEDDEBE9-7978-4B6B-9945-2BCE0695277C}.Debug|Mixed Platforms.ActiveCfg = Debug|x86
		{FEDDEBE9-7978-4B6B-9945-2BCE0695277C}.Debug|Mixed Platforms.Build.0 = Debug|x86
		{FEDDEBE9-7978-4B6B-9945-2BCE0695277C}.Debug|x64.ActiveCfg = Debug|x64
		{FEDDEBE9-7978-4B6B-9945-2BCE0695277C}.Debug|x64.Build.0 = Debug|x64
		{FEDDEBE9-7978-4B6B-9945-2BCE0695277C}.Debug|x86.ActiveCfg = Debug|x86
		{FEDDEBE9-7978-4B6B-9945-2BCE0695277C}.Debug|x86.Build.0 = Debug|x86
		{FEDDEBE9-7978-4B6B-9945-2BCE0695277C}.Release|Any CPU.ActiveCfg = Release|Any CPU
		{FEDDEBE9-7978-4B6B-9945-2BCE0695277C}.Release|Any CPU.Build.0 = Release|Any CPU
		{FEDDEBE9-7978-4B6B-9945-2BCE0695277C}.Release|Mixed Platforms.ActiveCfg = Release|x86
		{FEDDEBE9-7978-4B6B-9945-2BCE0695277C}.Release|Mixed Platforms.Build.0 = Release|x86
		{FEDDEBE9-7978-4B6B-9945-2BCE0695277C}.Release|x64.ActiveCfg = Release|x64
		{FEDDEBE9-7978-4B6B-9945-2BCE0695277C}.Release|x64.Build.0 = Release|x64
		{FEDDEBE9-7978-4B6B-9945-2BCE0695277C}.Release|x86.ActiveCfg = Release|x86
		{FEDDEBE9-7978-4B6B-9945-2BCE0695277C}.Release|x86.Build.0 = Release|x86
		{B5C5F5DC-37EC-4C34-B4EB-ED84D7EDD683}.Debug|Any CPU.ActiveCfg = Debug|Any CPU
		{B5C5F5DC-37EC-4C34-B4EB-ED84D7EDD683}.Debug|Any CPU.Build.0 = Debug|Any CPU
		{B5C5F5DC-37EC-4C34-B4EB-ED84D7EDD683}.Debug|Mixed Platforms.ActiveCfg = Debug|x86
		{B5C5F5DC-37EC-4C34-B4EB-ED84D7EDD683}.Debug|Mixed Platforms.Build.0 = Debug|x86
		{B5C5F5DC-37EC-4C34-B4EB-ED84D7EDD683}.Debug|x64.ActiveCfg = Debug|x64
		{B5C5F5DC-37EC-4C34-B4EB-ED84D7EDD683}.Debug|x64.Build.0 = Debug|x64
		{B5C5F5DC-37EC-4C34-B4EB-ED84D7EDD683}.Debug|x86.ActiveCfg = Debug|x86
		{B5C5F5DC-37EC-4C34-B4EB-ED84D7EDD683}.Debug|x86.Build.0 = Debug|x86
		{B5C5F5DC-37EC-4C34-B4EB-ED84D7EDD683}.Release|Any CPU.ActiveCfg = Release|Any CPU
		{B5C5F5DC-37EC-4C34-B4EB-ED84D7EDD683}.Release|Any CPU.Build.0 = Release|Any CPU
		{B5C5F5DC-37EC-4C34-B4EB-ED84D7EDD683}.Release|Mixed Platforms.ActiveCfg = Release|x86
		{B5C5F5DC-37EC-4C34-B4EB-ED84D7EDD683}.Release|Mixed Platforms.Build.0 = Release|x86
		{B5C5F5DC-37EC-4C34-B4EB-ED84D7EDD683}.Release|x64.ActiveCfg = Release|x64
		{B5C5F5DC-37EC-4C34-B4EB-ED84D7EDD683}.Release|x64.Build.0 = Release|x64
		{B5C5F5DC-37EC-4C34-B4EB-ED84D7EDD683}.Release|x86.ActiveCfg = Release|x86
		{B5C5F5DC-37EC-4C34-B4EB-ED84D7EDD683}.Release|x86.Build.0 = Release|x86
		{E3E3B30A-0DBD-462B-8CA0-9377AFA84381}.Debug|Any CPU.ActiveCfg = Debug|Any CPU
		{E3E3B30A-0DBD-462B-8CA0-9377AFA84381}.Debug|Any CPU.Build.0 = Debug|Any CPU
		{E3E3B30A-0DBD-462B-8CA0-9377AFA84381}.Debug|Mixed Platforms.ActiveCfg = Debug|x86
		{E3E3B30A-0DBD-462B-8CA0-9377AFA84381}.Debug|Mixed Platforms.Build.0 = Debug|x86
		{E3E3B30A-0DBD-462B-8CA0-9377AFA84381}.Debug|x64.ActiveCfg = Debug|x64
		{E3E3B30A-0DBD-462B-8CA0-9377AFA84381}.Debug|x64.Build.0 = Debug|x64
		{E3E3B30A-0DBD-462B-8CA0-9377AFA84381}.Debug|x86.ActiveCfg = Debug|x86
		{E3E3B30A-0DBD-462B-8CA0-9377AFA84381}.Debug|x86.Build.0 = Debug|x86
		{E3E3B30A-0DBD-462B-8CA0-9377AFA84381}.Release|Any CPU.ActiveCfg = Release|Any CPU
		{E3E3B30A-0DBD-462B-8CA0-9377AFA84381}.Release|Any CPU.Build.0 = Release|Any CPU
		{E3E3B30A-0DBD-462B-8CA0-9377AFA84381}.Release|Mixed Platforms.ActiveCfg = Release|x86
		{E3E3B30A-0DBD-462B-8CA0-9377AFA84381}.Release|Mixed Platforms.Build.0 = Release|x86
		{E3E3B30A-0DBD-462B-8CA0-9377AFA84381}.Release|x64.ActiveCfg = Release|x64
		{E3E3B30A-0DBD-462B-8CA0-9377AFA84381}.Release|x64.Build.0 = Release|x64
		{E3E3B30A-0DBD-462B-8CA0-9377AFA84381}.Release|x86.ActiveCfg = Release|x86
		{E3E3B30A-0DBD-462B-8CA0-9377AFA84381}.Release|x86.Build.0 = Release|x86
		{4E2A1497-BD2C-46E1-80B7-82E2B4ECA21B}.Debug|Any CPU.ActiveCfg = Debug|Any CPU
		{4E2A1497-BD2C-46E1-80B7-82E2B4ECA21B}.Debug|Any CPU.Build.0 = Debug|Any CPU
		{4E2A1497-BD2C-46E1-80B7-82E2B4ECA21B}.Debug|Mixed Platforms.ActiveCfg = Debug|x86
		{4E2A1497-BD2C-46E1-80B7-82E2B4ECA21B}.Debug|Mixed Platforms.Build.0 = Debug|x86
		{4E2A1497-BD2C-46E1-80B7-82E2B4ECA21B}.Debug|x64.ActiveCfg = Debug|x64
		{4E2A1497-BD2C-46E1-80B7-82E2B4ECA21B}.Debug|x64.Build.0 = Debug|x64
		{4E2A1497-BD2C-46E1-80B7-82E2B4ECA21B}.Debug|x86.ActiveCfg = Debug|x86
		{4E2A1497-BD2C-46E1-80B7-82E2B4ECA21B}.Debug|x86.Build.0 = Debug|x86
		{4E2A1497-BD2C-46E1-80B7-82E2B4ECA21B}.Release|Any CPU.ActiveCfg = Release|Any CPU
		{4E2A1497-BD2C-46E1-80B7-82E2B4ECA21B}.Release|Any CPU.Build.0 = Release|Any CPU
		{4E2A1497-BD2C-46E1-80B7-82E2B4ECA21B}.Release|Mixed Platforms.ActiveCfg = Release|x86
		{4E2A1497-BD2C-46E1-80B7-82E2B4ECA21B}.Release|Mixed Platforms.Build.0 = Release|x86
		{4E2A1497-BD2C-46E1-80B7-82E2B4ECA21B}.Release|x64.ActiveCfg = Release|x64
		{4E2A1497-BD2C-46E1-80B7-82E2B4ECA21B}.Release|x64.Build.0 = Release|x64
		{4E2A1497-BD2C-46E1-80B7-82E2B4ECA21B}.Release|x86.ActiveCfg = Release|x86
		{4E2A1497-BD2C-46E1-80B7-82E2B4ECA21B}.Release|x86.Build.0 = Release|x86
	EndGlobalSection
	GlobalSection(SolutionProperties) = preSolution
		HideSolutionNode = FALSE
	EndGlobalSection
EndGlobal
